
Microsoft Visual Studio Solution File, Format Version 12.00
# Visual Studio Version 17
VisualStudioVersion = 17.8.34525.116
MinimumVisualStudioVersion = 10.0.40219.1
Project("{FAE04EC0-301F-11D3-BF4B-00C04F79EFBC}") = "Proiect_31408", "Proiect_31408.csproj", "{F9B122D9-2739-429C-8304-4A462B254DFC}"
EndProject
Global
	GlobalSection(SolutionConfigurationPlatforms) = preSolution
		Debug|Any CPU = Debug|Any CPU
		Release|Any CPU = Release|Any CPU
	EndGlobalSection
	GlobalSection(ProjectConfigurationPlatforms) = postSolution
		{F9B122D9-2739-429C-8304-4A462B254DFC}.Debug|Any CPU.ActiveCfg = Debug|Any CPU
		{F9B122D9-2739-429C-8304-4A462B254DFC}.Debug|Any CPU.Build.0 = Debug|Any CPU
		{F9B122D9-2739-429C-8304-4A462B254DFC}.Release|Any CPU.ActiveCfg = Release|Any CPU
		{F9B122D9-2739-429C-8304-4A462B254DFC}.Release|Any CPU.Build.0 = Release|Any CPU
	EndGlobalSection
	GlobalSection(SolutionProperties) = preSolution
		HideSolutionNode = FALSE
	EndGlobalSection
	GlobalSection(ExtensibilityGlobals) = postSolution
		SolutionGuid = {52C13F64-8551-4929-94A7-64570DFFE0FB}
	EndGlobalSection
EndGlobal
